
Microsoft Visual Studio Solution File, Format Version 12.00
# Visual Studio Version 17
VisualStudioVersion = 17.7.34018.315
MinimumVisualStudioVersion = 10.0.40219.1
Project("{FAE04EC0-301F-11D3-BF4B-00C04F79EFBC}") = "FileTest", "FileTest\FileTest.csproj", "{24661007-56B1-418D-AD2E-5082BF82E4C1}"
EndProject
Global
	GlobalSection(SolutionConfigurationPlatforms) = preSolution
		Debug|Any CPU = Debug|Any CPU
		Release|Any CPU = Release|Any CPU
	EndGlobalSection
	GlobalSection(ProjectConfigurationPlatforms) = postSolution
		{24661007-56B1-418D-AD2E-5082BF82E4C1}.Debug|Any CPU.ActiveCfg = Debug|Any CPU
		{24661007-56B1-418D-AD2E-5082BF82E4C1}.Debug|Any CPU.Build.0 = Debug|Any CPU
		{24661007-56B1-418D-AD2E-5082BF82E4C1}.Release|Any CPU.ActiveCfg = Release|Any CPU
		{24661007-56B1-418D-AD2E-5082BF82E4C1}.Release|Any CPU.Build.0 = Release|Any CPU
	EndGlobalSection
	GlobalSection(SolutionProperties) = preSolution
		HideSolutionNode = FALSE
	EndGlobalSection
	GlobalSection(ExtensibilityGlobals) = postSolution
		SolutionGuid = {79B9A7CD-DF02-4311-88AC-CFD4CEEB8C49}
	EndGlobalSection
EndGlobal
